{
  "nodes": {
    "fenix": {
      "inputs": {
        "nixpkgs": [
          "nixpkgs"
        ],
        "rust-analyzer-src": "rust-analyzer-src"
      },
      "locked": {
        "lastModified": 1669789565,
        "narHash": "sha256-9fBxYzp0cnkHygZOY5HTM7QMYr1WsC062Yc8glQNIgM=",
        "owner": "nix-community",
        "repo": "fenix",
        "rev": "bba229a06ca03938a1abd4ce6361bf9bf4f651cd",
        "type": "github"
      },
      "original": {
        "owner": "nix-community",
        "repo": "fenix",
        "type": "github"
      }
    },
    "flake-compat": {
      "flake": false,
      "locked": {
        "lastModified": 1668681692,
        "narHash": "sha256-Ht91NGdewz8IQLtWZ9LCeNXMSXHUss+9COoqu6JLmXU=",
        "owner": "edolstra",
        "repo": "flake-compat",
        "rev": "009399224d5e398d03b22badca40a37ac85412a1",
        "type": "github"
      },
      "original": {
        "owner": "edolstra",
        "repo": "flake-compat",
        "type": "github"
      }
    },
    "nixpkgs": {
      "locked": {
        "lastModified": 1669750745,
        "narHash": "sha256-C9ZNizmMiuML40Imt79rCoiMt1O4aM6TCg/ME1Uu/Q8=",
        "owner": "NixOS",
        "repo": "nixpkgs",
        "rev": "19a6b85e8f8daca80e38418e96247cc499e2640e",
        "type": "github"
      },
      "original": {
        "owner": "NixOS",
        "ref": "nixpkgs-unstable",
        "repo": "nixpkgs",
        "type": "github"
      }
    },
    "root": {
      "inputs": {
        "fenix": "fenix",
        "flake-compat": "flake-compat",
        "nixpkgs": "nixpkgs"
      }
    },
    "rust-analyzer-src": {
      "flake": false,
      "locked": {
        "lastModified": 1669747020,
        "narHash": "sha256-kNfchCXcI4jcwBdU57f4ifdgPAvLKLJIHKUCiZVv+v0=",
        "owner": "rust-lang",
        "repo": "rust-analyzer",
        "rev": "398a71affb05aeeea1991044ec9ca1229e68f0f3",
        "type": "github"
      },
      "original": {
        "owner": "rust-lang",
        "ref": "nightly",
        "repo": "rust-analyzer",
        "type": "github"
      }
    }
  },
  "root": "root",
  "version": 7
}
